
Microsoft Visual Studio Solution File, Format Version 12.00
# Visual Studio 15
VisualStudioVersion = 15.0.28010.2019
MinimumVisualStudioVersion = 10.0.40219.1
Project("{F184B08F-C81C-45F6-A57F-5ABD9991F28F}") = "NullTile", "NullTile\NullTile.vbproj", "{250149F9-4309-4FB5-A939-CBCE1F175B5C}"
EndProject
Global
	GlobalSection(SolutionConfigurationPlatforms) = preSolution
		Debug|ARM = Debug|ARM
		Debug|x64 = Debug|x64
		Debug|x86 = Debug|x86
		Release|ARM = Release|ARM
		Release|x64 = Release|x64
		Release|x86 = Release|x86
	EndGlobalSection
	GlobalSection(ProjectConfigurationPlatforms) = postSolution
		{250149F9-4309-4FB5-A939-CBCE1F175B5C}.Debug|ARM.ActiveCfg = Debug|ARM
		{250149F9-4309-4FB5-A939-CBCE1F175B5C}.Debug|ARM.Build.0 = Debug|ARM
		{250149F9-4309-4FB5-A939-CBCE1F175B5C}.Debug|ARM.Deploy.0 = Debug|ARM
		{250149F9-4309-4FB5-A939-CBCE1F175B5C}.Debug|x64.ActiveCfg = Debug|x64
		{250149F9-4309-4FB5-A939-CBCE1F175B5C}.Debug|x64.Build.0 = Debug|x64
		{250149F9-4309-4FB5-A939-CBCE1F175B5C}.Debug|x64.Deploy.0 = Debug|x64
		{250149F9-4309-4FB5-A939-CBCE1F175B5C}.Debug|x86.ActiveCfg = Debug|x86
		{250149F9-4309-4FB5-A939-CBCE1F175B5C}.Debug|x86.Build.0 = Debug|x86
		{250149F9-4309-4FB5-A939-CBCE1F175B5C}.Debug|x86.Deploy.0 = Debug|x86
		{250149F9-4309-4FB5-A939-CBCE1F175B5C}.Release|ARM.ActiveCfg = Release|ARM
		{250149F9-4309-4FB5-A939-CBCE1F175B5C}.Release|ARM.Build.0 = Release|ARM
		{250149F9-4309-4FB5-A939-CBCE1F175B5C}.Release|ARM.Deploy.0 = Release|ARM
		{250149F9-4309-4FB5-A939-CBCE1F175B5C}.Release|x64.ActiveCfg = Release|x64
		{250149F9-4309-4FB5-A939-CBCE1F175B5C}.Release|x64.Build.0 = Release|x64
		{250149F9-4309-4FB5-A939-CBCE1F175B5C}.Release|x64.Deploy.0 = Release|x64
		{250149F9-4309-4FB5-A939-CBCE1F175B5C}.Release|x86.ActiveCfg = Release|x86
		{250149F9-4309-4FB5-A939-CBCE1F175B5C}.Release|x86.Build.0 = Release|x86
		{250149F9-4309-4FB5-A939-CBCE1F175B5C}.Release|x86.Deploy.0 = Release|x86
	EndGlobalSection
	GlobalSection(SolutionProperties) = preSolution
		HideSolutionNode = FALSE
	EndGlobalSection
	GlobalSection(ExtensibilityGlobals) = postSolution
		SolutionGuid = {9B0BC907-A90D-40F4-88FA-D23E7558E215}
	EndGlobalSection
EndGlobal
